
Microsoft Visual Studio Solution File, Format Version 12.00
# Visual Studio Version 17
VisualStudioVersion = 17.14.36717.8 d17.14
MinimumVisualStudioVersion = 10.0.40219.1
Project("{FAE04EC0-301F-11D3-BF4B-00C04F79EFBC}") = "TouhouGameLauncher", "TouhouGameLauncher.csproj", "{DDE60640-FDE6-4E17-9CB6-FEBF6B4399DA}"
EndProject
Global
	GlobalSection(SolutionConfigurationPlatforms) = preSolution
		Debug|Any CPU = Debug|Any CPU
		Release|Any CPU = Release|Any CPU
	EndGlobalSection
	GlobalSection(ProjectConfigurationPlatforms) = postSolution
		{DDE60640-FDE6-4E17-9CB6-FEBF6B4399DA}.Debug|Any CPU.ActiveCfg = Debug|Any CPU
		{DDE60640-FDE6-4E17-9CB6-FEBF6B4399DA}.Debug|Any CPU.Build.0 = Debug|Any CPU
		{DDE60640-FDE6-4E17-9CB6-FEBF6B4399DA}.Release|Any CPU.ActiveCfg = Release|Any CPU
		{DDE60640-FDE6-4E17-9CB6-FEBF6B4399DA}.Release|Any CPU.Build.0 = Release|Any CPU
	EndGlobalSection
	GlobalSection(SolutionProperties) = preSolution
		HideSolutionNode = FALSE
	EndGlobalSection
	GlobalSection(ExtensibilityGlobals) = postSolution
		SolutionGuid = {B4F942BE-B264-45AF-BB3D-DFD86B78593B}
	EndGlobalSection
EndGlobal
